
Microsoft Visual Studio Solution File, Format Version 12.00
# Visual Studio Version 16
VisualStudioVersion = 16.0.30717.126
MinimumVisualStudioVersion = 10.0.40219.1
Project("{FAE04EC0-301F-11D3-BF4B-00C04F79EFBC}") = "StandarNomenclature", "StandarNomenclature.csproj", "{3CF4CC45-7892-42BF-B4E0-73F87E8B66D9}"
EndProject
Global
	GlobalSection(SolutionConfigurationPlatforms) = preSolution
		Debug|Any CPU = Debug|Any CPU
		Release|Any CPU = Release|Any CPU
	EndGlobalSection
	GlobalSection(ProjectConfigurationPlatforms) = postSolution
		{3CF4CC45-7892-42BF-B4E0-73F87E8B66D9}.Debug|Any CPU.ActiveCfg = Debug|Any CPU
		{3CF4CC45-7892-42BF-B4E0-73F87E8B66D9}.Debug|Any CPU.Build.0 = Debug|Any CPU
		{3CF4CC45-7892-42BF-B4E0-73F87E8B66D9}.Release|Any CPU.ActiveCfg = Release|Any CPU
		{3CF4CC45-7892-42BF-B4E0-73F87E8B66D9}.Release|Any CPU.Build.0 = Release|Any CPU
	EndGlobalSection
	GlobalSection(SolutionProperties) = preSolution
		HideSolutionNode = FALSE
	EndGlobalSection
	GlobalSection(ExtensibilityGlobals) = postSolution
		SolutionGuid = {A94F5186-66BF-470D-B0AD-F2D7D0D20075}
	EndGlobalSection
EndGlobal
